
Microsoft Visual Studio Solution File, Format Version 12.00
# Visual Studio Version 17
VisualStudioVersion = 17.14.36310.24 d17.14
MinimumVisualStudioVersion = 10.0.40219.1
Project("{FAE04EC0-301F-11D3-BF4B-00C04F79EFBC}") = "LoanDataCreator", "LoanDataCreator\LoanDataCreator.csproj", "{2629C27E-3FAC-4562-B0E2-5FA083ADC8C2}"
EndProject
Global
	GlobalSection(SolutionConfigurationPlatforms) = preSolution
		Debug|Any CPU = Debug|Any CPU
		Release|Any CPU = Release|Any CPU
	EndGlobalSection
	GlobalSection(ProjectConfigurationPlatforms) = postSolution
		{2629C27E-3FAC-4562-B0E2-5FA083ADC8C2}.Debug|Any CPU.ActiveCfg = Debug|Any CPU
		{2629C27E-3FAC-4562-B0E2-5FA083ADC8C2}.Debug|Any CPU.Build.0 = Debug|Any CPU
		{2629C27E-3FAC-4562-B0E2-5FA083ADC8C2}.Release|Any CPU.ActiveCfg = Release|Any CPU
		{2629C27E-3FAC-4562-B0E2-5FA083ADC8C2}.Release|Any CPU.Build.0 = Release|Any CPU
	EndGlobalSection
	GlobalSection(SolutionProperties) = preSolution
		HideSolutionNode = FALSE
	EndGlobalSection
	GlobalSection(ExtensibilityGlobals) = postSolution
		SolutionGuid = {8EFE9C71-00FC-4D1D-AC99-C8BA591C115B}
	EndGlobalSection
EndGlobal
